
Microsoft Visual Studio Solution File, Format Version 12.00
# Visual Studio Version 17
VisualStudioVersion = 17.10.35013.160
MinimumVisualStudioVersion = 10.0.40219.1
Project("{FAE04EC0-301F-11D3-BF4B-00C04F79EFBC}") = "WinForms1", "WinForms1\WinForms1.csproj", "{E42C6ABE-829A-43EC-BF0C-8B6C6689B529}"
EndProject
Global
	GlobalSection(SolutionConfigurationPlatforms) = preSolution
		Debug|Any CPU = Debug|Any CPU
		Release|Any CPU = Release|Any CPU
	EndGlobalSection
	GlobalSection(ProjectConfigurationPlatforms) = postSolution
		{E42C6ABE-829A-43EC-BF0C-8B6C6689B529}.Debug|Any CPU.ActiveCfg = Debug|Any CPU
		{E42C6ABE-829A-43EC-BF0C-8B6C6689B529}.Debug|Any CPU.Build.0 = Debug|Any CPU
		{E42C6ABE-829A-43EC-BF0C-8B6C6689B529}.Release|Any CPU.ActiveCfg = Release|Any CPU
		{E42C6ABE-829A-43EC-BF0C-8B6C6689B529}.Release|Any CPU.Build.0 = Release|Any CPU
	EndGlobalSection
	GlobalSection(SolutionProperties) = preSolution
		HideSolutionNode = FALSE
	EndGlobalSection
	GlobalSection(ExtensibilityGlobals) = postSolution
		SolutionGuid = {A8C23A8B-F017-4753-9597-98DC85D67148}
	EndGlobalSection
EndGlobal
